
Microsoft Visual Studio Solution File, Format Version 12.00
# Visual Studio Version 16
VisualStudioVersion = 16.0.30804.86
MinimumVisualStudioVersion = 10.0.40219.1
Project("{9A19103F-16F7-4668-BE54-9A1E7A4F7556}") = "ProteinTranslation", "ProteinTranslation.csproj", "{FE096E8C-DA26-4EBD-BA91-4F1AA6013F6C}"
EndProject
Global
	GlobalSection(SolutionConfigurationPlatforms) = preSolution
		Debug|Any CPU = Debug|Any CPU
		Release|Any CPU = Release|Any CPU
	EndGlobalSection
	GlobalSection(ProjectConfigurationPlatforms) = postSolution
		{FE096E8C-DA26-4EBD-BA91-4F1AA6013F6C}.Debug|Any CPU.ActiveCfg = Debug|Any CPU
		{FE096E8C-DA26-4EBD-BA91-4F1AA6013F6C}.Debug|Any CPU.Build.0 = Debug|Any CPU
		{FE096E8C-DA26-4EBD-BA91-4F1AA6013F6C}.Release|Any CPU.ActiveCfg = Release|Any CPU
		{FE096E8C-DA26-4EBD-BA91-4F1AA6013F6C}.Release|Any CPU.Build.0 = Release|Any CPU
	EndGlobalSection
	GlobalSection(SolutionProperties) = preSolution
		HideSolutionNode = FALSE
	EndGlobalSection
	GlobalSection(ExtensibilityGlobals) = postSolution
		SolutionGuid = {39388F51-AC5C-42BB-9AA7-F63DD73B934E}
	EndGlobalSection
EndGlobal
