
Microsoft Visual Studio Solution File, Format Version 12.00
# Visual Studio Version 16
VisualStudioVersion = 16.0.30804.86
MinimumVisualStudioVersion = 10.0.40219.1
Project("{9A19103F-16F7-4668-BE54-9A1E7A4F7556}") = "Proverb", "Proverb.csproj", "{EA88D360-D633-4767-8BDD-091C8C1F6EF0}"
EndProject
Global
	GlobalSection(SolutionConfigurationPlatforms) = preSolution
		Debug|Any CPU = Debug|Any CPU
		Release|Any CPU = Release|Any CPU
	EndGlobalSection
	GlobalSection(ProjectConfigurationPlatforms) = postSolution
		{EA88D360-D633-4767-8BDD-091C8C1F6EF0}.Debug|Any CPU.ActiveCfg = Debug|Any CPU
		{EA88D360-D633-4767-8BDD-091C8C1F6EF0}.Debug|Any CPU.Build.0 = Debug|Any CPU
		{EA88D360-D633-4767-8BDD-091C8C1F6EF0}.Release|Any CPU.ActiveCfg = Release|Any CPU
		{EA88D360-D633-4767-8BDD-091C8C1F6EF0}.Release|Any CPU.Build.0 = Release|Any CPU
	EndGlobalSection
	GlobalSection(SolutionProperties) = preSolution
		HideSolutionNode = FALSE
	EndGlobalSection
	GlobalSection(ExtensibilityGlobals) = postSolution
		SolutionGuid = {87771327-5208-4488-8C67-F1536646A8D7}
	EndGlobalSection
EndGlobal
