
Microsoft Visual Studio Solution File, Format Version 12.00
# Visual Studio Version 16
VisualStudioVersion = 16.0.30804.86
MinimumVisualStudioVersion = 10.0.40219.1
Project("{9A19103F-16F7-4668-BE54-9A1E7A4F7556}") = "PhoneNumber", "PhoneNumber.csproj", "{551E5134-27B1-4C25-BC61-4E9C55DE60E7}"
EndProject
Global
	GlobalSection(SolutionConfigurationPlatforms) = preSolution
		Debug|Any CPU = Debug|Any CPU
		Release|Any CPU = Release|Any CPU
	EndGlobalSection
	GlobalSection(ProjectConfigurationPlatforms) = postSolution
		{551E5134-27B1-4C25-BC61-4E9C55DE60E7}.Debug|Any CPU.ActiveCfg = Debug|Any CPU
		{551E5134-27B1-4C25-BC61-4E9C55DE60E7}.Debug|Any CPU.Build.0 = Debug|Any CPU
		{551E5134-27B1-4C25-BC61-4E9C55DE60E7}.Release|Any CPU.ActiveCfg = Release|Any CPU
		{551E5134-27B1-4C25-BC61-4E9C55DE60E7}.Release|Any CPU.Build.0 = Release|Any CPU
	EndGlobalSection
	GlobalSection(SolutionProperties) = preSolution
		HideSolutionNode = FALSE
	EndGlobalSection
	GlobalSection(ExtensibilityGlobals) = postSolution
		SolutionGuid = {21CFDF05-2BD5-4DC5-8898-8DD61A37B46F}
	EndGlobalSection
EndGlobal
