
Microsoft Visual Studio Solution File, Format Version 12.00
# Visual Studio Version 16
VisualStudioVersion = 16.0.30804.86
MinimumVisualStudioVersion = 10.0.40219.1
Project("{9A19103F-16F7-4668-BE54-9A1E7A4F7556}") = "ArmstrongNumbers", "ArmstrongNumbers.csproj", "{022812D3-5714-4D03-BEDA-1523F5886810}"
EndProject
Global
	GlobalSection(SolutionConfigurationPlatforms) = preSolution
		Debug|Any CPU = Debug|Any CPU
		Release|Any CPU = Release|Any CPU
	EndGlobalSection
	GlobalSection(ProjectConfigurationPlatforms) = postSolution
		{022812D3-5714-4D03-BEDA-1523F5886810}.Debug|Any CPU.ActiveCfg = Debug|Any CPU
		{022812D3-5714-4D03-BEDA-1523F5886810}.Debug|Any CPU.Build.0 = Debug|Any CPU
		{022812D3-5714-4D03-BEDA-1523F5886810}.Release|Any CPU.ActiveCfg = Release|Any CPU
		{022812D3-5714-4D03-BEDA-1523F5886810}.Release|Any CPU.Build.0 = Release|Any CPU
	EndGlobalSection
	GlobalSection(SolutionProperties) = preSolution
		HideSolutionNode = FALSE
	EndGlobalSection
	GlobalSection(ExtensibilityGlobals) = postSolution
		SolutionGuid = {FFC3A7BB-F6E1-474A-A69D-FD9A8AB4ECC0}
	EndGlobalSection
EndGlobal
